# THIS IS AN AUTOGENERATED FILE. DO NOT EDIT THIS FILE DIRECTLY.
# yarn lockfile v1


"@types/node@^12.7.12":
  version "12.20.36"
  resolved "https://registry.npmmirror.com/@types/node/download/@types/node-12.20.36.tgz?cache=0&sync_timestamp=1635213413252&other_urls=https%3A%2F%2Fregistry.npmmirror.com%2F%40types%2Fnode%2Fdownload%2F%40types%2Fnode-12.20.36.tgz#5bd54d2383e714fc4d2c258107ee70c5bad86d0c"
  integrity sha1-W9VNI4PnFPxNLCWBB+5wxbrYbQw=

tim-js-sdk@^2.19.1:
  version "2.19.1"
  resolved "https://registry.npmmirror.com/tim-js-sdk/-/tim-js-sdk-2.19.1.tgz#c699193772aaeb21a4e631b99d118fe4409b8c5d"
  integrity sha512-M0BJ/Ttg7zCJg8UXke9RMEOlqrJ2ifatLtYVVE2BE2U2ebw67R5zReCidCTkcL0mTcEkVAD/bem6OlLLwqhCPA==
