# THIS IS AN AUTOGENERATED FILE. DO NOT EDIT THIS FILE DIRECTLY.
# yarn lockfile v1


"@types/node@^12.7.12":
  version "12.20.36"
  resolved "https://registry.npmmirror.com/@types/node/download/@types/node-12.20.36.tgz?cache=0&sync_timestamp=1635213413252&other_urls=https%3A%2F%2Fregistry.npmmirror.com%2F%40types%2Fnode%2Fdownload%2F%40types%2Fnode-12.20.36.tgz#5bd54d2383e714fc4d2c258107ee70c5bad86d0c"
  integrity sha1-W9VNI4PnFPxNLCWBB+5wxbrYbQw=
